
Microsoft Visual Studio Solution File, Format Version 12.00
# Visual Studio Version 17
VisualStudioVersion = 17.10.35013.160
MinimumVisualStudioVersion = 10.0.40219.1
Project("{9A19103F-16F7-4668-BE54-9A1E7A4F7556}") = "MillionaireGame", "MillionaireGame\MillionaireGame.csproj", "{248EF9F0-C225-4F2F-AC0A-B871C989D6A9}"
EndProject
Project("{9A19103F-16F7-4668-BE54-9A1E7A4F7556}") = "MillionaireManagement", "MillionaireManagement\MillionaireManagement.csproj", "{043DBD3A-67DE-4047-BE6C-D8D033D33868}"
EndProject
Project("{2150E333-8FDC-42A3-9474-1A3956D46DE8}") = "Solution Items", "Solution Items", "{7F5606D5-F094-4595-804C-EE3AA66D26B0}"
EndProject
Project("{9A19103F-16F7-4668-BE54-9A1E7A4F7556}") = "MillionaireShared", "MillionaireShared\MillionaireShared.csproj", "{9B78BEF5-D9EE-437E-832B-F3AF67DE9498}"
EndProject
Global
	GlobalSection(SolutionConfigurationPlatforms) = preSolution
		Debug|Any CPU = Debug|Any CPU
		Release|Any CPU = Release|Any CPU
	EndGlobalSection
	GlobalSection(ProjectConfigurationPlatforms) = postSolution
		{248EF9F0-C225-4F2F-AC0A-B871C989D6A9}.Debug|Any CPU.ActiveCfg = Debug|Any CPU
		{248EF9F0-C225-4F2F-AC0A-B871C989D6A9}.Debug|Any CPU.Build.0 = Debug|Any CPU
		{248EF9F0-C225-4F2F-AC0A-B871C989D6A9}.Release|Any CPU.ActiveCfg = Release|Any CPU
		{248EF9F0-C225-4F2F-AC0A-B871C989D6A9}.Release|Any CPU.Build.0 = Release|Any CPU
		{043DBD3A-67DE-4047-BE6C-D8D033D33868}.Debug|Any CPU.ActiveCfg = Debug|Any CPU
		{043DBD3A-67DE-4047-BE6C-D8D033D33868}.Debug|Any CPU.Build.0 = Debug|Any CPU
		{043DBD3A-67DE-4047-BE6C-D8D033D33868}.Release|Any CPU.ActiveCfg = Release|Any CPU
		{043DBD3A-67DE-4047-BE6C-D8D033D33868}.Release|Any CPU.Build.0 = Release|Any CPU
		{9B78BEF5-D9EE-437E-832B-F3AF67DE9498}.Debug|Any CPU.ActiveCfg = Debug|Any CPU
		{9B78BEF5-D9EE-437E-832B-F3AF67DE9498}.Debug|Any CPU.Build.0 = Debug|Any CPU
		{9B78BEF5-D9EE-437E-832B-F3AF67DE9498}.Release|Any CPU.ActiveCfg = Release|Any CPU
		{9B78BEF5-D9EE-437E-832B-F3AF67DE9498}.Release|Any CPU.Build.0 = Release|Any CPU
	EndGlobalSection
	GlobalSection(SolutionProperties) = preSolution
		HideSolutionNode = FALSE
	EndGlobalSection
	GlobalSection(ExtensibilityGlobals) = postSolution
		SolutionGuid = {B04419A4-30DB-43E4-B476-1838CEE9EE86}
	EndGlobalSection
EndGlobal
